<?xml version="1.0" encoding="utf-8"?>
<Project ToolsVersion="4.0" xmlns="http://schemas.microsoft.com/developer/msbuild/2003">
  <ItemGroup>
    <Filter Include="源文件">
      <UniqueIdentifier>{4FC737F1-C7A5-4376-A066-2A32D752A2FF}</UniqueIdentifier>
      <Extensions>cpp;c;cc;cxx;c++;cppm;ixx;def;odl;idl;hpj;bat;asm;asmx</Extensions>
    </Filter>
    <Filter Include="头文件">
      <UniqueIdentifier>{93995380-89BD-4b04-88EB-625FBE52EBFB}</UniqueIdentifier>
      <Extensions>h;hh;hpp;hxx;h++;hm;inl;inc;ipp;xsd</Extensions>
    </Filter>
    <Filter Include="资源文件">
      <UniqueIdentifier>{67DA6AB6-F800-4c08-8B7A-83BB121AAD01}</UniqueIdentifier>
      <Extensions>rc;ico;cur;bmp;dlg;rc2;rct;bin;rgs;gif;jpg;jpeg;jpe;resx;tiff;tif;png;wav;mfcribbon-ms</Extensions>
    </Filter>
  </ItemGroup>
  <ItemGroup>
    <ClCompile Include="P1029 滑雪.cpp">
      <Filter>源文件</Filter>
    </ClCompile>
    <ClCompile Include="P1305 素数环.cpp">
      <Filter>源文件</Filter>
    </ClCompile>
    <ClCompile Include="P1679 夏日旅行.cpp">
      <Filter>源文件</Filter>
    </ClCompile>
    <ClCompile Include="P1821 二叉树的深度暴力求解版.cpp">
      <Filter>源文件</Filter>
    </ClCompile>
    <ClCompile Include="P1173 Web Navigation.cpp">
      <Filter>源文件</Filter>
    </ClCompile>
    <ClCompile Include="P1821 二叉树的深度递归版.cpp">
      <Filter>源文件</Filter>
    </ClCompile>
    <ClCompile Include="课堂练习.cpp">
      <Filter>源文件</Filter>
    </ClCompile>
    <ClCompile Include="P1138 American Heritage.cpp">
      <Filter>源文件</Filter>
    </ClCompile>
    <ClCompile Include="B4809 皇后暴力搜索递归版.cpp">
      <Filter>源文件</Filter>
    </ClCompile>
    <ClCompile Include="B4809 皇后.cpp">
      <Filter>源文件</Filter>
    </ClCompile>
    <ClCompile Include="P1395 全排列2.cpp">
      <Filter>源文件</Filter>
    </ClCompile>
    <ClCompile Include="P1395 全排列2调库版.cpp">
      <Filter>源文件</Filter>
    </ClCompile>
    <ClCompile Include="P1748 a+b+c+d==0.cpp">
      <Filter>源文件</Filter>
    </ClCompile>
    <ClCompile Include="P1971 叠加超级buff暴力版.cpp">
      <Filter>源文件</Filter>
    </ClCompile>
    <ClCompile Include="P1971 叠加超级buff.cpp">
      <Filter>源文件</Filter>
    </ClCompile>
    <ClCompile Include="P1854 Children%27s Game.cpp">
      <Filter>源文件</Filter>
    </ClCompile>
    <ClCompile Include="P1855 接水问题暴力版.cpp">
      <Filter>源文件</Filter>
    </ClCompile>
    <ClCompile Include="P1855 接水问题.cpp">
      <Filter>源文件</Filter>
    </ClCompile>
    <ClCompile Include="P1791 小黑的数字暴力破解版.cpp">
      <Filter>源文件</Filter>
    </ClCompile>
    <ClCompile Include="P1911 纸币.cpp">
      <Filter>源文件</Filter>
    </ClCompile>
    <ClCompile Include="P1475 智力大冲浪.cpp">
      <Filter>源文件</Filter>
    </ClCompile>
    <ClCompile Include="P1791 小黑的数字.cpp">
      <Filter>源文件</Filter>
    </ClCompile>
    <ClCompile Include="P1635 月饼.cpp">
      <Filter>源文件</Filter>
    </ClCompile>
    <ClCompile Include="P1901 最长相邻互质子序列.cpp">
      <Filter>源文件</Filter>
    </ClCompile>
    <ClCompile Include="P1972 地牢夺宝奇兵.cpp">
      <Filter>源文件</Filter>
    </ClCompile>
    <ClCompile Include="P1809 wzy的跑步.cpp">
      <Filter>源文件</Filter>
    </ClCompile>
    <ClCompile Include="P1848 编辑距离.cpp">
      <Filter>源文件</Filter>
    </ClCompile>
    <ClCompile Include="P1818 饼干.cpp">
      <Filter>源文件</Filter>
    </ClCompile>
    <ClCompile Include="P1870 地道战.cpp">
      <Filter>源文件</Filter>
    </ClCompile>
    <ClCompile Include="吃豆人.cpp">
      <Filter>源文件</Filter>
    </ClCompile>
    <ClCompile Include="P1779 小胡同学的跳板.cpp">
      <Filter>源文件</Filter>
    </ClCompile>
    <ClCompile Include="糖豆人改进版2.cpp">
      <Filter>源文件</Filter>
    </ClCompile>
    <ClCompile Include="吃豆人改进版3.cpp">
      <Filter>源文件</Filter>
    </ClCompile>
    <ClCompile Include="吃豆人改进版4.cpp">
      <Filter>源文件</Filter>
    </ClCompile>
    <ClCompile Include="P1977 吉他与孤独与蓝色星球 %28Easy ver%29.cpp">
      <Filter>源文件</Filter>
    </ClCompile>
    <ClCompile Include="P1743 Audiophobia.cpp">
      <Filter>源文件</Filter>
    </ClCompile>
    <ClCompile Include="P1740 Ink on paper.cpp">
      <Filter>源文件</Filter>
    </ClCompile>
    <ClCompile Include="P1357 食物链%28一%29.cpp">
      <Filter>源文件</Filter>
    </ClCompile>
    <ClCompile Include="P1763 friendly group.cpp">
      <Filter>源文件</Filter>
    </ClCompile>
    <ClCompile Include="P1204 电池的寿命.cpp">
      <Filter>源文件</Filter>
    </ClCompile>
    <ClCompile Include="B3445 [Usaco2014 Feb] Roadblock.cpp">
      <Filter>源文件</Filter>
    </ClCompile>
    <ClCompile Include="P1795 求解图的 m 着色问题.cpp">
      <Filter>源文件</Filter>
    </ClCompile>
    <ClCompile Include="P1794 求解好多鱼问题.cpp">
      <Filter>源文件</Filter>
    </ClCompile>
    <ClCompile Include="单词接龙.cpp">
      <Filter>源文件</Filter>
    </ClCompile>
    <ClCompile Include="P1719 Let%27s play a game!.cpp">
      <Filter>源文件</Filter>
    </ClCompile>
    <ClCompile Include="B1631 [Usaco2007 Feb]Cow Party.cpp">
      <Filter>源文件</Filter>
    </ClCompile>
    <ClCompile Include="吃豆人改进版5.cpp">
      <Filter>源文件</Filter>
    </ClCompile>
    <ClCompile Include="P1344 最长回文长度.cpp">
      <Filter>源文件</Filter>
    </ClCompile>
  </ItemGroup>
</Project>